
Microsoft Visual Studio Solution File, Format Version 12.00
# Visual Studio Version 16
VisualStudioVersion = 16.0.31025.194
MinimumVisualStudioVersion = 10.0.40219.1
Project("{9A19103F-16F7-4668-BE54-9A1E7A4F7556}") = "DinoGameWithClasses", "DinoGame\DinoGameWithClasses.csproj", "{0B22DECD-61E5-4510-9669-187362BF107F}"
EndProject
Global
	GlobalSection(SolutionConfigurationPlatforms) = preSolution
		Debug|Any CPU = Debug|Any CPU
		Release|Any CPU = Release|Any CPU
	EndGlobalSection
	GlobalSection(ProjectConfigurationPlatforms) = postSolution
		{0B22DECD-61E5-4510-9669-187362BF107F}.Debug|Any CPU.ActiveCfg = Debug|Any CPU
		{0B22DECD-61E5-4510-9669-187362BF107F}.Debug|Any CPU.Build.0 = Debug|Any CPU
		{0B22DECD-61E5-4510-9669-187362BF107F}.Release|Any CPU.ActiveCfg = Release|Any CPU
		{0B22DECD-61E5-4510-9669-187362BF107F}.Release|Any CPU.Build.0 = Release|Any CPU
	EndGlobalSection
	GlobalSection(SolutionProperties) = preSolution
		HideSolutionNode = FALSE
	EndGlobalSection
	GlobalSection(ExtensibilityGlobals) = postSolution
		SolutionGuid = {A71865F5-0392-40D3-89DD-2AA09494A6B3}
	EndGlobalSection
EndGlobal
